
Microsoft Visual Studio Solution File, Format Version 12.00
# Visual Studio Version 17
VisualStudioVersion = 17.3.32721.290
MinimumVisualStudioVersion = 10.0.40219.1
Project("{9A19103F-16F7-4668-BE54-9A1E7A4F7556}") = "OrderReceiver", "OrderReceiver\OrderReceiver.csproj", "{3BBF9268-45E1-48CF-868E-10D5172CAC96}"
EndProject
Project("{FAE04EC0-301F-11D3-BF4B-00C04F79EFBC}") = "OrderReceiver.Common", "OrderReceiver.Common\OrderReceiver.Common.csproj", "{BFF99434-DC8E-430B-A15A-2CAE291A7F72}"
EndProject
Project("{FAE04EC0-301F-11D3-BF4B-00C04F79EFBC}") = "OrderReceiver.Database", "OrderReceiver.Database\OrderReceiver.Database.csproj", "{42C0997F-52C5-433F-9F73-B57379593299}"
EndProject
Project("{FAE04EC0-301F-11D3-BF4B-00C04F79EFBC}") = "OrderReceiver.Services", "OrderReceiver.Services\OrderReceiver.Services.csproj", "{E2B5D5C8-7E4C-4575-AC3A-79FE989408DA}"
EndProject
Global
	GlobalSection(SolutionConfigurationPlatforms) = preSolution
		Debug|Any CPU = Debug|Any CPU
		Release|Any CPU = Release|Any CPU
	EndGlobalSection
	GlobalSection(ProjectConfigurationPlatforms) = postSolution
		{3BBF9268-45E1-48CF-868E-10D5172CAC96}.Debug|Any CPU.ActiveCfg = Debug|Any CPU
		{3BBF9268-45E1-48CF-868E-10D5172CAC96}.Debug|Any CPU.Build.0 = Debug|Any CPU
		{3BBF9268-45E1-48CF-868E-10D5172CAC96}.Release|Any CPU.ActiveCfg = Release|Any CPU
		{3BBF9268-45E1-48CF-868E-10D5172CAC96}.Release|Any CPU.Build.0 = Release|Any CPU
		{BFF99434-DC8E-430B-A15A-2CAE291A7F72}.Debug|Any CPU.ActiveCfg = Debug|Any CPU
		{BFF99434-DC8E-430B-A15A-2CAE291A7F72}.Debug|Any CPU.Build.0 = Debug|Any CPU
		{BFF99434-DC8E-430B-A15A-2CAE291A7F72}.Release|Any CPU.ActiveCfg = Release|Any CPU
		{BFF99434-DC8E-430B-A15A-2CAE291A7F72}.Release|Any CPU.Build.0 = Release|Any CPU
		{42C0997F-52C5-433F-9F73-B57379593299}.Debug|Any CPU.ActiveCfg = Debug|Any CPU
		{42C0997F-52C5-433F-9F73-B57379593299}.Debug|Any CPU.Build.0 = Debug|Any CPU
		{42C0997F-52C5-433F-9F73-B57379593299}.Release|Any CPU.ActiveCfg = Release|Any CPU
		{42C0997F-52C5-433F-9F73-B57379593299}.Release|Any CPU.Build.0 = Release|Any CPU
		{E2B5D5C8-7E4C-4575-AC3A-79FE989408DA}.Debug|Any CPU.ActiveCfg = Debug|Any CPU
		{E2B5D5C8-7E4C-4575-AC3A-79FE989408DA}.Debug|Any CPU.Build.0 = Debug|Any CPU
		{E2B5D5C8-7E4C-4575-AC3A-79FE989408DA}.Release|Any CPU.ActiveCfg = Release|Any CPU
		{E2B5D5C8-7E4C-4575-AC3A-79FE989408DA}.Release|Any CPU.Build.0 = Release|Any CPU
	EndGlobalSection
	GlobalSection(SolutionProperties) = preSolution
		HideSolutionNode = FALSE
	EndGlobalSection
	GlobalSection(ExtensibilityGlobals) = postSolution
		SolutionGuid = {70F359C4-C500-4704-B67F-F477488E4D3F}
	EndGlobalSection
EndGlobal
